
Microsoft Visual Studio Solution File, Format Version 12.00
# Visual Studio 15
VisualStudioVersion = 15.0.27428.2037
MinimumVisualStudioVersion = 10.0.40219.1
Project("{FAE04EC0-301F-11D3-BF4B-00C04F79EFBC}") = "AngularApp", "AngularApp.csproj", "{F4FE9014-36BD-4062-9A71-32DAD6C71C63}"
EndProject
Global
	GlobalSection(SolutionConfigurationPlatforms) = preSolution
		Debug|Any CPU = Debug|Any CPU
		Release|Any CPU = Release|Any CPU
	EndGlobalSection
	GlobalSection(ProjectConfigurationPlatforms) = postSolution
		{F4FE9014-36BD-4062-9A71-32DAD6C71C63}.Debug|Any CPU.ActiveCfg = Debug|Any CPU
		{F4FE9014-36BD-4062-9A71-32DAD6C71C63}.Debug|Any CPU.Build.0 = Debug|Any CPU
		{F4FE9014-36BD-4062-9A71-32DAD6C71C63}.Release|Any CPU.ActiveCfg = Release|Any CPU
		{F4FE9014-36BD-4062-9A71-32DAD6C71C63}.Release|Any CPU.Build.0 = Release|Any CPU
	EndGlobalSection
	GlobalSection(SolutionProperties) = preSolution
		HideSolutionNode = FALSE
	EndGlobalSection
	GlobalSection(ExtensibilityGlobals) = postSolution
		SolutionGuid = {FDABAB74-DAAF-4611-AC4C-1F1A1260DB72}
	EndGlobalSection
EndGlobal
